
Microsoft Visual Studio Solution File, Format Version 12.00
# Visual Studio Version 17
VisualStudioVersion = 17.4.33122.133
MinimumVisualStudioVersion = 10.0.40219.1
Project("{9A19103F-16F7-4668-BE54-9A1E7A4F7556}") = "CoinTerminal", "CoinTerminal\CoinTerminal.csproj", "{6FA94D16-4941-40B0-8116-9ED81591C9DA}"
EndProject
Project("{FAE04EC0-301F-11D3-BF4B-00C04F79EFBC}") = "CoinTerminalClassLibrary", "CoinTerminalClassLibrary\CoinTerminalClassLibrary.csproj", "{481014BB-3C1F-4A54-B728-56A9A01910CA}"
EndProject
Global
	GlobalSection(SolutionConfigurationPlatforms) = preSolution
		Debug|Any CPU = Debug|Any CPU
		Release|Any CPU = Release|Any CPU
	EndGlobalSection
	GlobalSection(ProjectConfigurationPlatforms) = postSolution
		{6FA94D16-4941-40B0-8116-9ED81591C9DA}.Debug|Any CPU.ActiveCfg = Debug|Any CPU
		{6FA94D16-4941-40B0-8116-9ED81591C9DA}.Debug|Any CPU.Build.0 = Debug|Any CPU
		{6FA94D16-4941-40B0-8116-9ED81591C9DA}.Release|Any CPU.ActiveCfg = Release|Any CPU
		{6FA94D16-4941-40B0-8116-9ED81591C9DA}.Release|Any CPU.Build.0 = Release|Any CPU
		{481014BB-3C1F-4A54-B728-56A9A01910CA}.Debug|Any CPU.ActiveCfg = Debug|Any CPU
		{481014BB-3C1F-4A54-B728-56A9A01910CA}.Debug|Any CPU.Build.0 = Debug|Any CPU
		{481014BB-3C1F-4A54-B728-56A9A01910CA}.Release|Any CPU.ActiveCfg = Release|Any CPU
		{481014BB-3C1F-4A54-B728-56A9A01910CA}.Release|Any CPU.Build.0 = Release|Any CPU
	EndGlobalSection
	GlobalSection(SolutionProperties) = preSolution
		HideSolutionNode = FALSE
	EndGlobalSection
	GlobalSection(ExtensibilityGlobals) = postSolution
		SolutionGuid = {BF6A756D-794A-40FC-93E8-4201DE00FE91}
	EndGlobalSection
EndGlobal
