
Microsoft Visual Studio Solution File, Format Version 12.00
# Visual Studio Version 17
VisualStudioVersion = 17.4.33122.133
MinimumVisualStudioVersion = 10.0.40219.1
Project("{FAE04EC0-301F-11D3-BF4B-00C04F79EFBC}") = "Resumes", "Resumes\Resumes.csproj", "{EA735333-5326-4C71-A18D-FC0837C84E34}"
EndProject
Global
	GlobalSection(SolutionConfigurationPlatforms) = preSolution
		Debug|Any CPU = Debug|Any CPU
		Release|Any CPU = Release|Any CPU
	EndGlobalSection
	GlobalSection(ProjectConfigurationPlatforms) = postSolution
		{EA735333-5326-4C71-A18D-FC0837C84E34}.Debug|Any CPU.ActiveCfg = Debug|Any CPU
		{EA735333-5326-4C71-A18D-FC0837C84E34}.Debug|Any CPU.Build.0 = Debug|Any CPU
		{EA735333-5326-4C71-A18D-FC0837C84E34}.Release|Any CPU.ActiveCfg = Release|Any CPU
		{EA735333-5326-4C71-A18D-FC0837C84E34}.Release|Any CPU.Build.0 = Release|Any CPU
	EndGlobalSection
	GlobalSection(SolutionProperties) = preSolution
		HideSolutionNode = FALSE
	EndGlobalSection
	GlobalSection(ExtensibilityGlobals) = postSolution
		SolutionGuid = {21274E46-E8A4-4164-BDD4-727E5EB11006}
	EndGlobalSection
EndGlobal
