
Microsoft Visual Studio Solution File, Format Version 12.00
# Visual Studio Version 17
VisualStudioVersion = 17.4.33122.133
MinimumVisualStudioVersion = 10.0.40219.1
Project("{FAE04EC0-301F-11D3-BF4B-00C04F79EFBC}") = "GameWorld", "GameWorld\GameWorld.csproj", "{AFAF396E-1537-4AA8-B2CD-BE42E149249E}"
EndProject
Global
	GlobalSection(SolutionConfigurationPlatforms) = preSolution
		Debug|Any CPU = Debug|Any CPU
		Release|Any CPU = Release|Any CPU
	EndGlobalSection
	GlobalSection(ProjectConfigurationPlatforms) = postSolution
		{AFAF396E-1537-4AA8-B2CD-BE42E149249E}.Debug|Any CPU.ActiveCfg = Debug|Any CPU
		{AFAF396E-1537-4AA8-B2CD-BE42E149249E}.Debug|Any CPU.Build.0 = Debug|Any CPU
		{AFAF396E-1537-4AA8-B2CD-BE42E149249E}.Release|Any CPU.ActiveCfg = Release|Any CPU
		{AFAF396E-1537-4AA8-B2CD-BE42E149249E}.Release|Any CPU.Build.0 = Release|Any CPU
	EndGlobalSection
	GlobalSection(SolutionProperties) = preSolution
		HideSolutionNode = FALSE
	EndGlobalSection
	GlobalSection(ExtensibilityGlobals) = postSolution
		SolutionGuid = {DFB08CD9-7C94-4BDB-8B03-08962A97AD0C}
	EndGlobalSection
EndGlobal
